
Microsoft Visual Studio Solution File, Format Version 12.00
# Visual Studio Version 17
VisualStudioVersion = 17.4.33205.214
MinimumVisualStudioVersion = 10.0.40219.1
Project("{FAE04EC0-301F-11D3-BF4B-00C04F79EFBC}") = "PaymetGateway", "PaymetGateway\PaymetGateway.csproj", "{B860248B-5BA8-40B8-9C70-6EAFF09C4F7B}"
EndProject
Global
	GlobalSection(SolutionConfigurationPlatforms) = preSolution
		Debug|Any CPU = Debug|Any CPU
		Release|Any CPU = Release|Any CPU
	EndGlobalSection
	GlobalSection(ProjectConfigurationPlatforms) = postSolution
		{B860248B-5BA8-40B8-9C70-6EAFF09C4F7B}.Debug|Any CPU.ActiveCfg = Debug|Any CPU
		{B860248B-5BA8-40B8-9C70-6EAFF09C4F7B}.Debug|Any CPU.Build.0 = Debug|Any CPU
		{B860248B-5BA8-40B8-9C70-6EAFF09C4F7B}.Release|Any CPU.ActiveCfg = Release|Any CPU
		{B860248B-5BA8-40B8-9C70-6EAFF09C4F7B}.Release|Any CPU.Build.0 = Release|Any CPU
	EndGlobalSection
	GlobalSection(SolutionProperties) = preSolution
		HideSolutionNode = FALSE
	EndGlobalSection
	GlobalSection(ExtensibilityGlobals) = postSolution
		SolutionGuid = {0BC86EF9-2FA7-471F-B47B-F752178A9A59}
	EndGlobalSection
EndGlobal
